
Microsoft Visual Studio Solution File, Format Version 12.00
# Visual Studio Version 17
VisualStudioVersion = 17.1.32421.90
MinimumVisualStudioVersion = 10.0.40219.1
Project("{FAE04EC0-301F-11D3-BF4B-00C04F79EFBC}") = "SqlInjection", "SqlInjection\SqlInjection.csproj", "{B059976D-A2F9-4653-B5CD-1EDAA7F588C0}"
EndProject
Global
	GlobalSection(SolutionConfigurationPlatforms) = preSolution
		Debug|Any CPU = Debug|Any CPU
		Release|Any CPU = Release|Any CPU
	EndGlobalSection
	GlobalSection(ProjectConfigurationPlatforms) = postSolution
		{B059976D-A2F9-4653-B5CD-1EDAA7F588C0}.Debug|Any CPU.ActiveCfg = Debug|Any CPU
		{B059976D-A2F9-4653-B5CD-1EDAA7F588C0}.Debug|Any CPU.Build.0 = Debug|Any CPU
		{B059976D-A2F9-4653-B5CD-1EDAA7F588C0}.Release|Any CPU.ActiveCfg = Release|Any CPU
		{B059976D-A2F9-4653-B5CD-1EDAA7F588C0}.Release|Any CPU.Build.0 = Release|Any CPU
	EndGlobalSection
	GlobalSection(SolutionProperties) = preSolution
		HideSolutionNode = FALSE
	EndGlobalSection
	GlobalSection(ExtensibilityGlobals) = postSolution
		SolutionGuid = {54C7DB45-3EAF-4010-84E8-A8659F0FC3F4}
	EndGlobalSection
EndGlobal
